<?xml version="1.0" encoding="utf-8"?>
<Project ToolsVersion="4.0" xmlns="http://schemas.microsoft.com/developer/msbuild/2003">
  <ItemGroup>
    <Filter Include="Source Files">
      <UniqueIdentifier>{4FC737F1-C7A5-4376-A066-2A32D752A2FF}</UniqueIdentifier>
      <Extensions>cpp;c;cc;cxx;def;odl;idl;hpj;bat;asm;asmx</Extensions>
    </Filter>
    <Filter Include="Header Files">
      <UniqueIdentifier>{93995380-89BD-4b04-88EB-625FBE52EBFB}</UniqueIdentifier>
      <Extensions>h;hh;hpp;hxx;hm;inl;inc;ipp;xsd</Extensions>
    </Filter>
    <Filter Include="Resource Files">
      <UniqueIdentifier>{67DA6AB6-F800-4c08-8B7A-83BB121AAD01}</UniqueIdentifier>
      <Extensions>rc;ico;cur;bmp;dlg;rc2;rct;bin;rgs;gif;jpg;jpeg;jpe;resx;tiff;tif;png;wav;mfcribbon-ms</Extensions>
    </Filter>
    <Filter Include="ImGUI">
      <UniqueIdentifier>{c89fdbff-b49f-4f66-9d86-dd07d6f095b8}</UniqueIdentifier>
    </Filter>
    <Filter Include="Shader Files">
      <UniqueIdentifier>{fee60492-140d-487d-a906-66e2b21141dc}</UniqueIdentifier>
    </Filter>
    <Filter Include="Misc Files">
      <UniqueIdentifier>{d9cf1948-378c-4a9a-b6d4-20a4a0107f5d}</UniqueIdentifier>
    </Filter>
    <Filter Include="Header Files\helper">
      <UniqueIdentifier>{2440707e-05c6-4e67-ad48-4591d3b1279e}</UniqueIdentifier>
    </Filter>
    <Filter Include="Source Files\helper">
      <UniqueIdentifier>{d655174e-779b-4eb0-8d7a-d58e522528f8}</UniqueIdentifier>
    </Filter>
  </ItemGroup>
  <ItemGroup>
    <ClCompile Include="main.cpp">
      <Filter>Source Files</Filter>
    </ClCompile>
    <ClCompile Include="learnply.cpp">
      <Filter>Source Files</Filter>
    </ClCompile>
    <ClCompile Include="renderer.cpp">
      <Filter>Source Files</Filter>
    </ClCompile>
    <ClCompile Include="meshrenderer.cpp">
      <Filter>Source Files</Filter>
    </ClCompile>
    <ClCompile Include="controller.cpp">
      <Filter>Source Files</Filter>
    </ClCompile>
    <ClCompile Include="meshprocessor.cpp">
      <Filter>Source Files</Filter>
    </ClCompile>
    <ClCompile Include="miscellaneous\glad.c">
      <Filter>Misc Files</Filter>
    </ClCompile>
    <ClCompile Include="model.cpp">
      <Filter>Source Files</Filter>
    </ClCompile>
    <ClCompile Include="scene.cpp">
      <Filter>Source Files</Filter>
    </ClCompile>
    <ClCompile Include="helpers\axeshelper.cpp">
      <Filter>Source Files\helper</Filter>
    </ClCompile>
    <ClCompile Include="helpers\edgehelper.cpp">
      <Filter>Source Files\helper</Filter>
    </ClCompile>
    <ClCompile Include="helpers\vertexhelper.cpp">
      <Filter>Source Files\helper</Filter>
    </ClCompile>
    <ClCompile Include="miscellaneous\camera.cpp">
      <Filter>Source Files\helper</Filter>
    </ClCompile>
    <ClCompile Include="miscellaneous\trackball.cpp">
      <Filter>Source Files\helper</Filter>
    </ClCompile>
    <ClCompile Include="..\third\include\ImGUI\imgui.cpp">
      <Filter>ImGUI</Filter>
    </ClCompile>
    <ClCompile Include="..\third\include\ImGUI\imgui_impl_glfw.cpp">
      <Filter>ImGUI</Filter>
    </ClCompile>
    <ClCompile Include="..\third\include\ImGUI\imgui_draw.cpp">
      <Filter>ImGUI</Filter>
    </ClCompile>
    <ClCompile Include="..\third\include\ImGUI\imgui_widgets.cpp">
      <Filter>ImGUI</Filter>
    </ClCompile>
    <ClCompile Include="..\third\include\ImGUI\imgui_tables.cpp">
      <Filter>ImGUI</Filter>
    </ClCompile>
    <ClCompile Include="..\third\include\ImGUI\imgui_impl_opengl3.cpp">
      <Filter>ImGUI</Filter>
    </ClCompile>
    <ClCompile Include="ply.cpp">
      <Filter>Misc Files</Filter>
    </ClCompile>
    <ClCompile Include="miscellaneous\font_atlas.cpp">
      <Filter>Source Files\helper</Filter>
    </ClCompile>
  </ItemGroup>
  <ItemGroup>
    <ClInclude Include="renderer.h">
      <Filter>Header Files</Filter>
    </ClInclude>
    <ClInclude Include="learnply.h">
      <Filter>Header Files</Filter>
    </ClInclude>
    <ClInclude Include="meshprocessor.h">
      <Filter>Header Files</Filter>
    </ClInclude>
    <ClInclude Include="meshrenderer.h">
      <Filter>Header Files</Filter>
    </ClInclude>
    <ClInclude Include="controller.h">
      <Filter>Header Files</Filter>
    </ClInclude>
    <ClInclude Include="model.h">
      <Filter>Header Files</Filter>
    </ClInclude>
    <ClInclude Include="scene.h">
      <Filter>Header Files</Filter>
    </ClInclude>
    <ClInclude Include="helpers\axeshelper.h">
      <Filter>Header Files\helper</Filter>
    </ClInclude>
    <ClInclude Include="helpers\vertexhelper.h">
      <Filter>Header Files\helper</Filter>
    </ClInclude>
    <ClInclude Include="helpers\edgehelper.h">
      <Filter>Header Files\helper</Filter>
    </ClInclude>
    <ClInclude Include="miscellaneous\trackball.h">
      <Filter>Header Files\helper</Filter>
    </ClInclude>
    <ClInclude Include="miscellaneous\camera.h">
      <Filter>Header Files\helper</Filter>
    </ClInclude>
    <ClInclude Include="miscellaneous\Shader.h">
      <Filter>Misc Files</Filter>
    </ClInclude>
    <ClInclude Include="learnply_io.h">
      <Filter>Misc Files</Filter>
    </ClInclude>
    <ClInclude Include="ply.h">
      <Filter>Misc Files</Filter>
    </ClInclude>
    <ClInclude Include="miscellaneous\font_atlas.h">
      <Filter>Header Files\helper</Filter>
    </ClInclude>
  </ItemGroup>
  <ItemGroup>
    <None Include="shaders\axesShader.fs.glsl">
      <Filter>Shader Files</Filter>
    </None>
    <None Include="shaders\axesShader.vs.glsl">
      <Filter>Shader Files</Filter>
    </None>
    <None Include="shaders\plyShader.fs.glsl">
      <Filter>Shader Files</Filter>
    </None>
    <None Include="shaders\plyShader.vs.glsl">
      <Filter>Shader Files</Filter>
    </None>
    <None Include="shaders\selectedEdgeShader.fs.glsl">
      <Filter>Shader Files</Filter>
    </None>
    <None Include="shaders\selectedEdgeShader.vs.glsl">
      <Filter>Shader Files</Filter>
    </None>
    <None Include="shaders\sphere.fs.glsl">
      <Filter>Shader Files</Filter>
    </None>
    <None Include="shaders\sphere.vs.glsl">
      <Filter>Shader Files</Filter>
    </None>
    <None Include="shaders\textShader.fs.glsl">
      <Filter>Shader Files</Filter>
    </None>
    <None Include="shaders\textShader.vs.glsl">
      <Filter>Shader Files</Filter>
    </None>
    <None Include="shaders\wireframeShader.fs.glsl">
      <Filter>Shader Files</Filter>
    </None>
    <None Include="shaders\wireframeShader.vs.glsl">
      <Filter>Shader Files</Filter>
    </None>
  </ItemGroup>
</Project>